// !$*UTF8*$!
{
	archiveVersion = 1;
	classes = {
	};
	objectVersion = 56;
	objects = {

/* Begin PBXBuildFile section */
		BC1022AA2CEF09AB00645F03 /* Data in Frameworks */ = {isa = PBXBuildFile; productRef = BC1022A92CEF09AB00645F03 /* Data */; };
		BC103DF52CEECCD300BA9B98 /* Domain in Frameworks */ = {isa = PBXBuildFile; productRef = BC103DF42CEECCD300BA9B98 /* Domain */; };
		BC215A2C2CEF0E7900AE7FC1 /* Presentation in Frameworks */ = {isa = PBXBuildFile; productRef = BC215A2B2CEF0E7900AE7FC1 /* Presentation */; };
		BC4B2ECA2CDA113100C82827 /* bazookaHit_small2.mp3 in Resources */ = {isa = PBXBuildFile; fileRef = BC4B2EB82CDA113100C82827 /* bazookaHit_small2.mp3 */; };
		BC4B2ECB2CDA113100C82827 /* bazookaHit.mp3 in Resources */ = {isa = PBXBuildFile; fileRef = BC4B2EB92CDA113100C82827 /* bazookaHit.mp3 */; };
		BC4B2ECC2CDA113100C82827 /* bazookaReload.mp3 in Resources */ = {isa = PBXBuildFile; fileRef = BC4B2EBA2CDA113100C82827 /* bazookaReload.mp3 */; };
		BC4B2ECD2CDA113100C82827 /* bazookaSet.mp3 in Resources */ = {isa = PBXBuildFile; fileRef = BC4B2EBB2CDA113100C82827 /* bazookaSet.mp3 */; };
		BC4B2ECE2CDA113100C82827 /* bazookaShoot.mp3 in Resources */ = {isa = PBXBuildFile; fileRef = BC4B2EBC2CDA113100C82827 /* bazookaShoot.mp3 */; };
		BC4B2ECF2CDA113100C82827 /* endWhistle.mp3 in Resources */ = {isa = PBXBuildFile; fileRef = BC4B2EBD2CDA113100C82827 /* endWhistle.mp3 */; };
		BC4B2ED02CDA113100C82827 /* headShot.mp3 in Resources */ = {isa = PBXBuildFile; fileRef = BC4B2EBE2CDA113100C82827 /* headShot.mp3 */; };
		BC4B2ED12CDA113100C82827 /* kyuiin.mp3 in Resources */ = {isa = PBXBuildFile; fileRef = BC4B2EBF2CDA113100C82827 /* kyuiin.mp3 */; };
		BC4B2ED22CDA113100C82827 /* pistol-fire.mp3 in Resources */ = {isa = PBXBuildFile; fileRef = BC4B2EC02CDA113100C82827 /* pistol-fire.mp3 */; };
		BC4B2ED32CDA113100C82827 /* pistol-out-bullets.mp3 in Resources */ = {isa = PBXBuildFile; fileRef = BC4B2EC12CDA113100C82827 /* pistol-out-bullets.mp3 */; };
		BC4B2ED42CDA113100C82827 /* pistol-reload.mp3 in Resources */ = {isa = PBXBuildFile; fileRef = BC4B2EC22CDA113100C82827 /* pistol-reload.mp3 */; };
		BC4B2ED52CDA113100C82827 /* pistol-slide.mp3 in Resources */ = {isa = PBXBuildFile; fileRef = BC4B2EC32CDA113100C82827 /* pistol-slide.mp3 */; };
		BC4B2ED62CDA113100C82827 /* rankingAppear.mp3 in Resources */ = {isa = PBXBuildFile; fileRef = BC4B2EC42CDA113100C82827 /* rankingAppear.mp3 */; };
		BC4B2ED72CDA113100C82827 /* startWhistle.mp3 in Resources */ = {isa = PBXBuildFile; fileRef = BC4B2EC52CDA113100C82827 /* startWhistle.mp3 */; };
		BC4B2ED82CDA113100C82827 /* westernPistolShoot.mp3 in Resources */ = {isa = PBXBuildFile; fileRef = BC4B2EC62CDA113100C82827 /* westernPistolShoot.mp3 */; };
		BC5AC9B12CD74E4200025518 /* AppDelegate.swift in Sources */ = {isa = PBXBuildFile; fileRef = BC5AC9B02CD74E4200025518 /* AppDelegate.swift */; };
		BC5AC9B32CD74E4200025518 /* SceneDelegate.swift in Sources */ = {isa = PBXBuildFile; fileRef = BC5AC9B22CD74E4200025518 /* SceneDelegate.swift */; };
		BC5AC9BA2CD74E4300025518 /* Assets.xcassets in Resources */ = {isa = PBXBuildFile; fileRef = BC5AC9B92CD74E4300025518 /* Assets.xcassets */; };
		BC5AC9BD2CD74E4300025518 /* Base in Resources */ = {isa = PBXBuildFile; fileRef = BC5AC9BC2CD74E4300025518 /* Base */; };
		BC5AC9D22CD74E4300025518 /* WeaponFiringSimulatorUITests.swift in Sources */ = {isa = PBXBuildFile; fileRef = BC5AC9D12CD74E4300025518 /* WeaponFiringSimulatorUITests.swift */; };
		BC5AC9D42CD74E4300025518 /* WeaponFiringSimulatorUITestsLaunchTests.swift in Sources */ = {isa = PBXBuildFile; fileRef = BC5AC9D32CD74E4300025518 /* WeaponFiringSimulatorUITestsLaunchTests.swift */; };
		BCB712042CE623050018A93F /* WeaponActionExecuteUseCaseMock.swift in Sources */ = {isa = PBXBuildFile; fileRef = BCB712032CE623050018A93F /* WeaponActionExecuteUseCaseMock.swift */; };
		BCE171502CE46C4200476A03 /* PresenterTests.swift in Sources */ = {isa = PBXBuildFile; fileRef = BCE1714F2CE46C4200476A03 /* PresenterTests.swift */; };
		BCE171542CE4AC9C00476A03 /* ViewControllerMock.swift in Sources */ = {isa = PBXBuildFile; fileRef = BCE171532CE4AC9C00476A03 /* ViewControllerMock.swift */; };
		BCE171AD2CE5E34700476A03 /* WeaponResourceGetUseCaseMock.swift in Sources */ = {isa = PBXBuildFile; fileRef = BCE171AC2CE5E34700476A03 /* WeaponResourceGetUseCaseMock.swift */; };
		BCE5BD082CDF246A0040C14A /* WeaponRepositoryMock.swift in Sources */ = {isa = PBXBuildFile; fileRef = BCE5BD072CDF246A0040C14A /* WeaponRepositoryMock.swift */; };
/* End PBXBuildFile section */

/* Begin PBXContainerItemProxy section */
		BC5AC9C42CD74E4300025518 /* PBXContainerItemProxy */ = {
			isa = PBXContainerItemProxy;
			containerPortal = BC5AC9A52CD74E4200025518 /* Project object */;
			proxyType = 1;
			remoteGlobalIDString = BC5AC9AC2CD74E4200025518;
			remoteInfo = WeaponFiringSimulater;
		};
		BC5AC9CE2CD74E4300025518 /* PBXContainerItemProxy */ = {
			isa = PBXContainerItemProxy;
			containerPortal = BC5AC9A52CD74E4200025518 /* Project object */;
			proxyType = 1;
			remoteGlobalIDString = BC5AC9AC2CD74E4200025518;
			remoteInfo = WeaponFiringSimulater;
		};
/* End PBXContainerItemProxy section */

/* Begin PBXFileReference section */
		BC1022A72CEF086000645F03 /* Data */ = {isa = PBXFileReference; lastKnownFileType = wrapper; path = Data; sourceTree = SOURCE_ROOT; };
		BC4B2EB82CDA113100C82827 /* bazookaHit_small2.mp3 */ = {isa = PBXFileReference; lastKnownFileType = audio.mp3; path = bazookaHit_small2.mp3; sourceTree = "<group>"; };
		BC4B2EB92CDA113100C82827 /* bazookaHit.mp3 */ = {isa = PBXFileReference; lastKnownFileType = audio.mp3; path = bazookaHit.mp3; sourceTree = "<group>"; };
		BC4B2EBA2CDA113100C82827 /* bazookaReload.mp3 */ = {isa = PBXFileReference; lastKnownFileType = audio.mp3; path = bazookaReload.mp3; sourceTree = "<group>"; };
		BC4B2EBB2CDA113100C82827 /* bazookaSet.mp3 */ = {isa = PBXFileReference; lastKnownFileType = audio.mp3; path = bazookaSet.mp3; sourceTree = "<group>"; };
		BC4B2EBC2CDA113100C82827 /* bazookaShoot.mp3 */ = {isa = PBXFileReference; lastKnownFileType = audio.mp3; path = bazookaShoot.mp3; sourceTree = "<group>"; };
		BC4B2EBD2CDA113100C82827 /* endWhistle.mp3 */ = {isa = PBXFileReference; lastKnownFileType = audio.mp3; path = endWhistle.mp3; sourceTree = "<group>"; };
		BC4B2EBE2CDA113100C82827 /* headShot.mp3 */ = {isa = PBXFileReference; lastKnownFileType = audio.mp3; path = headShot.mp3; sourceTree = "<group>"; };
		BC4B2EBF2CDA113100C82827 /* kyuiin.mp3 */ = {isa = PBXFileReference; lastKnownFileType = audio.mp3; path = kyuiin.mp3; sourceTree = "<group>"; };
		BC4B2EC02CDA113100C82827 /* pistol-fire.mp3 */ = {isa = PBXFileReference; lastKnownFileType = audio.mp3; path = "pistol-fire.mp3"; sourceTree = "<group>"; };
		BC4B2EC12CDA113100C82827 /* pistol-out-bullets.mp3 */ = {isa = PBXFileReference; lastKnownFileType = audio.mp3; path = "pistol-out-bullets.mp3"; sourceTree = "<group>"; };
		BC4B2EC22CDA113100C82827 /* pistol-reload.mp3 */ = {isa = PBXFileReference; lastKnownFileType = audio.mp3; path = "pistol-reload.mp3"; sourceTree = "<group>"; };
		BC4B2EC32CDA113100C82827 /* pistol-slide.mp3 */ = {isa = PBXFileReference; lastKnownFileType = audio.mp3; path = "pistol-slide.mp3"; sourceTree = "<group>"; };
		BC4B2EC42CDA113100C82827 /* rankingAppear.mp3 */ = {isa = PBXFileReference; lastKnownFileType = audio.mp3; path = rankingAppear.mp3; sourceTree = "<group>"; };
		BC4B2EC52CDA113100C82827 /* startWhistle.mp3 */ = {isa = PBXFileReference; lastKnownFileType = audio.mp3; path = startWhistle.mp3; sourceTree = "<group>"; };
		BC4B2EC62CDA113100C82827 /* westernPistolShoot.mp3 */ = {isa = PBXFileReference; lastKnownFileType = audio.mp3; path = westernPistolShoot.mp3; sourceTree = "<group>"; };
		BC5AC9AD2CD74E4200025518 /* WeaponFiringSimulator.app */ = {isa = PBXFileReference; explicitFileType = wrapper.application; includeInIndex = 0; path = WeaponFiringSimulator.app; sourceTree = BUILT_PRODUCTS_DIR; };
		BC5AC9B02CD74E4200025518 /* AppDelegate.swift */ = {isa = PBXFileReference; lastKnownFileType = sourcecode.swift; path = AppDelegate.swift; sourceTree = "<group>"; };
		BC5AC9B22CD74E4200025518 /* SceneDelegate.swift */ = {isa = PBXFileReference; lastKnownFileType = sourcecode.swift; path = SceneDelegate.swift; sourceTree = "<group>"; };
		BC5AC9B92CD74E4300025518 /* Assets.xcassets */ = {isa = PBXFileReference; lastKnownFileType = folder.assetcatalog; path = Assets.xcassets; sourceTree = "<group>"; };
		BC5AC9BC2CD74E4300025518 /* Base */ = {isa = PBXFileReference; lastKnownFileType = file.storyboard; name = Base; path = Base.lproj/LaunchScreen.storyboard; sourceTree = "<group>"; };
		BC5AC9BE2CD74E4300025518 /* Info.plist */ = {isa = PBXFileReference; lastKnownFileType = text.plist.xml; path = Info.plist; sourceTree = "<group>"; };
		BC5AC9C32CD74E4300025518 /* WeaponFiringSimulatorTests.xctest */ = {isa = PBXFileReference; explicitFileType = wrapper.cfbundle; includeInIndex = 0; path = WeaponFiringSimulatorTests.xctest; sourceTree = BUILT_PRODUCTS_DIR; };
		BC5AC9CD2CD74E4300025518 /* WeaponFiringSimulatorUITests.xctest */ = {isa = PBXFileReference; explicitFileType = wrapper.cfbundle; includeInIndex = 0; path = WeaponFiringSimulatorUITests.xctest; sourceTree = BUILT_PRODUCTS_DIR; };
		BC5AC9D12CD74E4300025518 /* WeaponFiringSimulatorUITests.swift */ = {isa = PBXFileReference; lastKnownFileType = sourcecode.swift; path = WeaponFiringSimulatorUITests.swift; sourceTree = "<group>"; };
		BC5AC9D32CD74E4300025518 /* WeaponFiringSimulatorUITestsLaunchTests.swift */ = {isa = PBXFileReference; lastKnownFileType = sourcecode.swift; path = WeaponFiringSimulatorUITestsLaunchTests.swift; sourceTree = "<group>"; };
		BC9ADAD92CEF0BC200D414A9 /* Presentation */ = {isa = PBXFileReference; lastKnownFileType = wrapper; path = Presentation; sourceTree = SOURCE_ROOT; };
		BCB712032CE623050018A93F /* WeaponActionExecuteUseCaseMock.swift */ = {isa = PBXFileReference; lastKnownFileType = sourcecode.swift; path = WeaponActionExecuteUseCaseMock.swift; sourceTree = "<group>"; };
		BCC6521A2CEEC609000E1DC5 /* Domain */ = {isa = PBXFileReference; lastKnownFileType = wrapper; path = Domain; sourceTree = "<group>"; };
		BCE1714F2CE46C4200476A03 /* PresenterTests.swift */ = {isa = PBXFileReference; lastKnownFileType = sourcecode.swift; path = PresenterTests.swift; sourceTree = "<group>"; };
		BCE171532CE4AC9C00476A03 /* ViewControllerMock.swift */ = {isa = PBXFileReference; lastKnownFileType = sourcecode.swift; path = ViewControllerMock.swift; sourceTree = "<group>"; };
		BCE171AC2CE5E34700476A03 /* WeaponResourceGetUseCaseMock.swift */ = {isa = PBXFileReference; lastKnownFileType = sourcecode.swift; path = WeaponResourceGetUseCaseMock.swift; sourceTree = "<group>"; };
		BCE5BD072CDF246A0040C14A /* WeaponRepositoryMock.swift */ = {isa = PBXFileReference; lastKnownFileType = sourcecode.swift; path = WeaponRepositoryMock.swift; sourceTree = "<group>"; };
/* End PBXFileReference section */

/* Begin PBXFrameworksBuildPhase section */
		BC5AC9AA2CD74E4200025518 /* Frameworks */ = {
			isa = PBXFrameworksBuildPhase;
			buildActionMask = 2147483647;
			files = (
				BC1022AA2CEF09AB00645F03 /* Data in Frameworks */,
				BC215A2C2CEF0E7900AE7FC1 /* Presentation in Frameworks */,
				BC103DF52CEECCD300BA9B98 /* Domain in Frameworks */,
			);
			runOnlyForDeploymentPostprocessing = 0;
		};
		BC5AC9C02CD74E4300025518 /* Frameworks */ = {
			isa = PBXFrameworksBuildPhase;
			buildActionMask = 2147483647;
			files = (
			);
			runOnlyForDeploymentPostprocessing = 0;
		};
		BC5AC9CA2CD74E4300025518 /* Frameworks */ = {
			isa = PBXFrameworksBuildPhase;
			buildActionMask = 2147483647;
			files = (
			);
			runOnlyForDeploymentPostprocessing = 0;
		};
/* End PBXFrameworksBuildPhase section */

/* Begin PBXGroup section */
		BC1022A82CEF09AB00645F03 /* Frameworks */ = {
			isa = PBXGroup;
			children = (
			);
			name = Frameworks;
			sourceTree = "<group>";
		};
		BC4B2EC72CDA113100C82827 /* mp3 */ = {
			isa = PBXGroup;
			children = (
				BC4B2EB82CDA113100C82827 /* bazookaHit_small2.mp3 */,
				BC4B2EB92CDA113100C82827 /* bazookaHit.mp3 */,
				BC4B2EBA2CDA113100C82827 /* bazookaReload.mp3 */,
				BC4B2EBB2CDA113100C82827 /* bazookaSet.mp3 */,
				BC4B2EBC2CDA113100C82827 /* bazookaShoot.mp3 */,
				BC4B2EBD2CDA113100C82827 /* endWhistle.mp3 */,
				BC4B2EBE2CDA113100C82827 /* headShot.mp3 */,
				BC4B2EBF2CDA113100C82827 /* kyuiin.mp3 */,
				BC4B2EC02CDA113100C82827 /* pistol-fire.mp3 */,
				BC4B2EC12CDA113100C82827 /* pistol-out-bullets.mp3 */,
				BC4B2EC22CDA113100C82827 /* pistol-reload.mp3 */,
				BC4B2EC32CDA113100C82827 /* pistol-slide.mp3 */,
				BC4B2EC42CDA113100C82827 /* rankingAppear.mp3 */,
				BC4B2EC52CDA113100C82827 /* startWhistle.mp3 */,
				BC4B2EC62CDA113100C82827 /* westernPistolShoot.mp3 */,
			);
			path = mp3;
			sourceTree = "<group>";
		};
		BC4B2EC92CDA113100C82827 /* Resources */ = {
			isa = PBXGroup;
			children = (
				BC4B2EC72CDA113100C82827 /* mp3 */,
			);
			path = Resources;
			sourceTree = "<group>";
		};
		BC5AC9A42CD74E4200025518 = {
			isa = PBXGroup;
			children = (
				BC5AC9AF2CD74E4200025518 /* WeaponFiringSimulator */,
				BC5AC9C62CD74E4300025518 /* WeaponFiringSimulatorTests */,
				BC5AC9D02CD74E4300025518 /* WeaponFiringSimulatorUITests */,
				BC5AC9AE2CD74E4200025518 /* Products */,
				BC1022A82CEF09AB00645F03 /* Frameworks */,
			);
			sourceTree = "<group>";
		};
		BC5AC9AE2CD74E4200025518 /* Products */ = {
			isa = PBXGroup;
			children = (
				BC5AC9AD2CD74E4200025518 /* WeaponFiringSimulator.app */,
				BC5AC9C32CD74E4300025518 /* WeaponFiringSimulatorTests.xctest */,
				BC5AC9CD2CD74E4300025518 /* WeaponFiringSimulatorUITests.xctest */,
			);
			name = Products;
			sourceTree = "<group>";
		};
		BC5AC9AF2CD74E4200025518 /* WeaponFiringSimulator */ = {
			isa = PBXGroup;
			children = (
				BC5AC9B02CD74E4200025518 /* AppDelegate.swift */,
				BC5AC9B22CD74E4200025518 /* SceneDelegate.swift */,
				BC4B2EC92CDA113100C82827 /* Resources */,
				BC5AC9B92CD74E4300025518 /* Assets.xcassets */,
				BC5AC9BB2CD74E4300025518 /* LaunchScreen.storyboard */,
				BC5AC9BE2CD74E4300025518 /* Info.plist */,
				BC1022A72CEF086000645F03 /* Data */,
				BCC6521A2CEEC609000E1DC5 /* Domain */,
				BC9ADAD92CEF0BC200D414A9 /* Presentation */,
			);
			path = WeaponFiringSimulator;
			sourceTree = "<group>";
		};
		BC5AC9C62CD74E4300025518 /* WeaponFiringSimulatorTests */ = {
			isa = PBXGroup;
			children = (
				BCE1714F2CE46C4200476A03 /* PresenterTests.swift */,
				BCE5BCEE2CDB903D0040C14A /* Mocks */,
			);
			path = WeaponFiringSimulatorTests;
			sourceTree = "<group>";
		};
		BC5AC9D02CD74E4300025518 /* WeaponFiringSimulatorUITests */ = {
			isa = PBXGroup;
			children = (
				BC5AC9D12CD74E4300025518 /* WeaponFiringSimulatorUITests.swift */,
				BC5AC9D32CD74E4300025518 /* WeaponFiringSimulatorUITestsLaunchTests.swift */,
			);
			path = WeaponFiringSimulatorUITests;
			sourceTree = "<group>";
		};
		BCE5BCEE2CDB903D0040C14A /* Mocks */ = {
			isa = PBXGroup;
			children = (
				BCE171532CE4AC9C00476A03 /* ViewControllerMock.swift */,
				BCE171AC2CE5E34700476A03 /* WeaponResourceGetUseCaseMock.swift */,
				BCB712032CE623050018A93F /* WeaponActionExecuteUseCaseMock.swift */,
				BCE5BD072CDF246A0040C14A /* WeaponRepositoryMock.swift */,
			);
			path = Mocks;
			sourceTree = "<group>";
		};
/* End PBXGroup section */

/* Begin PBXNativeTarget section */
		BC5AC9AC2CD74E4200025518 /* WeaponFiringSimulator */ = {
			isa = PBXNativeTarget;
			buildConfigurationList = BC5AC9D72CD74E4300025518 /* Build configuration list for PBXNativeTarget "WeaponFiringSimulator" */;
			buildPhases = (
				BC5AC9A92CD74E4200025518 /* Sources */,
				BC5AC9AA2CD74E4200025518 /* Frameworks */,
				BC5AC9AB2CD74E4200025518 /* Resources */,
			);
			buildRules = (
			);
			dependencies = (
			);
			name = WeaponFiringSimulator;
			packageProductDependencies = (
				BC103DF42CEECCD300BA9B98 /* Domain */,
				BC1022A92CEF09AB00645F03 /* Data */,
				BC215A2B2CEF0E7900AE7FC1 /* Presentation */,
			);
			productName = WeaponFiringSimulater;
			productReference = BC5AC9AD2CD74E4200025518 /* WeaponFiringSimulator.app */;
			productType = "com.apple.product-type.application";
		};
		BC5AC9C22CD74E4300025518 /* WeaponFiringSimulatorTests */ = {
			isa = PBXNativeTarget;
			buildConfigurationList = BC5AC9DA2CD74E4300025518 /* Build configuration list for PBXNativeTarget "WeaponFiringSimulatorTests" */;
			buildPhases = (
				BC5AC9BF2CD74E4300025518 /* Sources */,
				BC5AC9C02CD74E4300025518 /* Frameworks */,
				BC5AC9C12CD74E4300025518 /* Resources */,
			);
			buildRules = (
			);
			dependencies = (
				BC5AC9C52CD74E4300025518 /* PBXTargetDependency */,
			);
			name = WeaponFiringSimulatorTests;
			productName = WeaponFiringSimulaterTests;
			productReference = BC5AC9C32CD74E4300025518 /* WeaponFiringSimulatorTests.xctest */;
			productType = "com.apple.product-type.bundle.unit-test";
		};
		BC5AC9CC2CD74E4300025518 /* WeaponFiringSimulatorUITests */ = {
			isa = PBXNativeTarget;
			buildConfigurationList = BC5AC9DD2CD74E4300025518 /* Build configuration list for PBXNativeTarget "WeaponFiringSimulatorUITests" */;
			buildPhases = (
				BC5AC9C92CD74E4300025518 /* Sources */,
				BC5AC9CA2CD74E4300025518 /* Frameworks */,
				BC5AC9CB2CD74E4300025518 /* Resources */,
			);
			buildRules = (
			);
			dependencies = (
				BC5AC9CF2CD74E4300025518 /* PBXTargetDependency */,
			);
			name = WeaponFiringSimulatorUITests;
			productName = WeaponFiringSimulaterUITests;
			productReference = BC5AC9CD2CD74E4300025518 /* WeaponFiringSimulatorUITests.xctest */;
			productType = "com.apple.product-type.bundle.ui-testing";
		};
/* End PBXNativeTarget section */

/* Begin PBXProject section */
		BC5AC9A52CD74E4200025518 /* Project object */ = {
			isa = PBXProject;
			attributes = {
				BuildIndependentTargetsInParallel = 1;
				LastSwiftUpdateCheck = 1530;
				LastUpgradeCheck = 1530;
				TargetAttributes = {
					BC5AC9AC2CD74E4200025518 = {
						CreatedOnToolsVersion = 15.3;
					};
					BC5AC9C22CD74E4300025518 = {
						CreatedOnToolsVersion = 15.3;
						TestTargetID = BC5AC9AC2CD74E4200025518;
					};
					BC5AC9CC2CD74E4300025518 = {
						CreatedOnToolsVersion = 15.3;
						TestTargetID = BC5AC9AC2CD74E4200025518;
					};
				};
			};
			buildConfigurationList = BC5AC9A82CD74E4200025518 /* Build configuration list for PBXProject "WeaponFiringSimulator" */;
			compatibilityVersion = "Xcode 14.0";
			developmentRegion = en;
			hasScannedForEncodings = 0;
			knownRegions = (
				en,
				Base,
			);
			mainGroup = BC5AC9A42CD74E4200025518;
			productRefGroup = BC5AC9AE2CD74E4200025518 /* Products */;
			projectDirPath = "";
			projectRoot = "";
			targets = (
				BC5AC9AC2CD74E4200025518 /* WeaponFiringSimulator */,
				BC5AC9C22CD74E4300025518 /* WeaponFiringSimulatorTests */,
				BC5AC9CC2CD74E4300025518 /* WeaponFiringSimulatorUITests */,
			);
		};
/* End PBXProject section */

/* Begin PBXResourcesBuildPhase section */
		BC5AC9AB2CD74E4200025518 /* Resources */ = {
			isa = PBXResourcesBuildPhase;
			buildActionMask = 2147483647;
			files = (
				BC4B2ED02CDA113100C82827 /* headShot.mp3 in Resources */,
				BC4B2ECF2CDA113100C82827 /* endWhistle.mp3 in Resources */,
				BC4B2ED62CDA113100C82827 /* rankingAppear.mp3 in Resources */,
				BC4B2ED72CDA113100C82827 /* startWhistle.mp3 in Resources */,
				BC4B2ED82CDA113100C82827 /* westernPistolShoot.mp3 in Resources */,
				BC5AC9BA2CD74E4300025518 /* Assets.xcassets in Resources */,
				BC4B2ECC2CDA113100C82827 /* bazookaReload.mp3 in Resources */,
				BC4B2ECE2CDA113100C82827 /* bazookaShoot.mp3 in Resources */,
				BC4B2ED52CDA113100C82827 /* pistol-slide.mp3 in Resources */,
				BC4B2ED32CDA113100C82827 /* pistol-out-bullets.mp3 in Resources */,
				BC4B2ECA2CDA113100C82827 /* bazookaHit_small2.mp3 in Resources */,
				BC4B2ED12CDA113100C82827 /* kyuiin.mp3 in Resources */,
				BC4B2ED42CDA113100C82827 /* pistol-reload.mp3 in Resources */,
				BC4B2ED22CDA113100C82827 /* pistol-fire.mp3 in Resources */,
				BC4B2ECD2CDA113100C82827 /* bazookaSet.mp3 in Resources */,
				BC5AC9BD2CD74E4300025518 /* Base in Resources */,
				BC4B2ECB2CDA113100C82827 /* bazookaHit.mp3 in Resources */,
			);
			runOnlyForDeploymentPostprocessing = 0;
		};
		BC5AC9C12CD74E4300025518 /* Resources */ = {
			isa = PBXResourcesBuildPhase;
			buildActionMask = 2147483647;
			files = (
			);
			runOnlyForDeploymentPostprocessing = 0;
		};
		BC5AC9CB2CD74E4300025518 /* Resources */ = {
			isa = PBXResourcesBuildPhase;
			buildActionMask = 2147483647;
			files = (
			);
			runOnlyForDeploymentPostprocessing = 0;
		};
/* End PBXResourcesBuildPhase section */

/* Begin PBXSourcesBuildPhase section */
		BC5AC9A92CD74E4200025518 /* Sources */ = {
			isa = PBXSourcesBuildPhase;
			buildActionMask = 2147483647;
			files = (
				BC5AC9B12CD74E4200025518 /* AppDelegate.swift in Sources */,
				BC5AC9B32CD74E4200025518 /* SceneDelegate.swift in Sources */,
			);
			runOnlyForDeploymentPostprocessing = 0;
		};
		BC5AC9BF2CD74E4300025518 /* Sources */ = {
			isa = PBXSourcesBuildPhase;
			buildActionMask = 2147483647;
			files = (
				BCE5BD082CDF246A0040C14A /* WeaponRepositoryMock.swift in Sources */,
				BCE171502CE46C4200476A03 /* PresenterTests.swift in Sources */,
				BCB712042CE623050018A93F /* WeaponActionExecuteUseCaseMock.swift in Sources */,
				BCE171AD2CE5E34700476A03 /* WeaponResourceGetUseCaseMock.swift in Sources */,
				BCE171542CE4AC9C00476A03 /* ViewControllerMock.swift in Sources */,
			);
			runOnlyForDeploymentPostprocessing = 0;
		};
		BC5AC9C92CD74E4300025518 /* Sources */ = {
			isa = PBXSourcesBuildPhase;
			buildActionMask = 2147483647;
			files = (
				BC5AC9D42CD74E4300025518 /* WeaponFiringSimulatorUITestsLaunchTests.swift in Sources */,
				BC5AC9D22CD74E4300025518 /* WeaponFiringSimulatorUITests.swift in Sources */,
			);
			runOnlyForDeploymentPostprocessing = 0;
		};
/* End PBXSourcesBuildPhase section */

/* Begin PBXTargetDependency section */
		BC5AC9C52CD74E4300025518 /* PBXTargetDependency */ = {
			isa = PBXTargetDependency;
			target = BC5AC9AC2CD74E4200025518 /* WeaponFiringSimulator */;
			targetProxy = BC5AC9C42CD74E4300025518 /* PBXContainerItemProxy */;
		};
		BC5AC9CF2CD74E4300025518 /* PBXTargetDependency */ = {
			isa = PBXTargetDependency;
			target = BC5AC9AC2CD74E4200025518 /* WeaponFiringSimulator */;
			targetProxy = BC5AC9CE2CD74E4300025518 /* PBXContainerItemProxy */;
		};
/* End PBXTargetDependency section */

/* Begin PBXVariantGroup section */
		BC5AC9BB2CD74E4300025518 /* LaunchScreen.storyboard */ = {
			isa = PBXVariantGroup;
			children = (
				BC5AC9BC2CD74E4300025518 /* Base */,
			);
			name = LaunchScreen.storyboard;
			sourceTree = "<group>";
		};
/* End PBXVariantGroup section */

/* Begin XCBuildConfiguration section */
		BC5AC9D52CD74E4300025518 /* Debug */ = {
			isa = XCBuildConfiguration;
			buildSettings = {
				ALWAYS_SEARCH_USER_PATHS = NO;
				ASSETCATALOG_COMPILER_GENERATE_SWIFT_ASSET_SYMBOL_EXTENSIONS = YES;
				CLANG_ANALYZER_NONNULL = YES;
				CLANG_ANALYZER_NUMBER_OBJECT_CONVERSION = YES_AGGRESSIVE;
				CLANG_CXX_LANGUAGE_STANDARD = "gnu++20";
				CLANG_ENABLE_MODULES = YES;
				CLANG_ENABLE_OBJC_ARC = YES;
				CLANG_ENABLE_OBJC_WEAK = YES;
				CLANG_WARN_BLOCK_CAPTURE_AUTORELEASING = YES;
				CLANG_WARN_BOOL_CONVERSION = YES;
				CLANG_WARN_COMMA = YES;
				CLANG_WARN_CONSTANT_CONVERSION = YES;
				CLANG_WARN_DEPRECATED_OBJC_IMPLEMENTATIONS = YES;
				CLANG_WARN_DIRECT_OBJC_ISA_USAGE = YES_ERROR;
				CLANG_WARN_DOCUMENTATION_COMMENTS = YES;
				CLANG_WARN_EMPTY_BODY = YES;
				CLANG_WARN_ENUM_CONVERSION = YES;
				CLANG_WARN_INFINITE_RECURSION = YES;
				CLANG_WARN_INT_CONVERSION = YES;
				CLANG_WARN_NON_LITERAL_NULL_CONVERSION = YES;
				CLANG_WARN_OBJC_IMPLICIT_RETAIN_SELF = YES;
				CLANG_WARN_OBJC_LITERAL_CONVERSION = YES;
				CLANG_WARN_OBJC_ROOT_CLASS = YES_ERROR;
				CLANG_WARN_QUOTED_INCLUDE_IN_FRAMEWORK_HEADER = YES;
				CLANG_WARN_RANGE_LOOP_ANALYSIS = YES;
				CLANG_WARN_STRICT_PROTOTYPES = YES;
				CLANG_WARN_SUSPICIOUS_MOVE = YES;
				CLANG_WARN_UNGUARDED_AVAILABILITY = YES_AGGRESSIVE;
				CLANG_WARN_UNREACHABLE_CODE = YES;
				CLANG_WARN__DUPLICATE_METHOD_MATCH = YES;
				COPY_PHASE_STRIP = NO;
				DEBUG_INFORMATION_FORMAT = dwarf;
				ENABLE_STRICT_OBJC_MSGSEND = YES;
				ENABLE_TESTABILITY = YES;
				ENABLE_USER_SCRIPT_SANDBOXING = YES;
				GCC_C_LANGUAGE_STANDARD = gnu17;
				GCC_DYNAMIC_NO_PIC = NO;
				GCC_NO_COMMON_BLOCKS = YES;
				GCC_OPTIMIZATION_LEVEL = 0;
				GCC_PREPROCESSOR_DEFINITIONS = (
					"DEBUG=1",
					"$(inherited)",
				);
				GCC_WARN_64_TO_32_BIT_CONVERSION = YES;
				GCC_WARN_ABOUT_RETURN_TYPE = YES_ERROR;
				GCC_WARN_UNDECLARED_SELECTOR = YES;
				GCC_WARN_UNINITIALIZED_AUTOS = YES_AGGRESSIVE;
				GCC_WARN_UNUSED_FUNCTION = YES;
				GCC_WARN_UNUSED_VARIABLE = YES;
				IPHONEOS_DEPLOYMENT_TARGET = 17.4;
				LOCALIZATION_PREFERS_STRING_CATALOGS = YES;
				MTL_ENABLE_DEBUG_INFO = INCLUDE_SOURCE;
				MTL_FAST_MATH = YES;
				ONLY_ACTIVE_ARCH = YES;
				SDKROOT = iphoneos;
				SWIFT_ACTIVE_COMPILATION_CONDITIONS = "DEBUG $(inherited)";
				SWIFT_OPTIMIZATION_LEVEL = "-Onone";
			};
			name = Debug;
		};
		BC5AC9D62CD74E4300025518 /* Release */ = {
			isa = XCBuildConfiguration;
			buildSettings = {
				ALWAYS_SEARCH_USER_PATHS = NO;
				ASSETCATALOG_COMPILER_GENERATE_SWIFT_ASSET_SYMBOL_EXTENSIONS = YES;
				CLANG_ANALYZER_NONNULL = YES;
				CLANG_ANALYZER_NUMBER_OBJECT_CONVERSION = YES_AGGRESSIVE;
				CLANG_CXX_LANGUAGE_STANDARD = "gnu++20";
				CLANG_ENABLE_MODULES = YES;
				CLANG_ENABLE_OBJC_ARC = YES;
				CLANG_ENABLE_OBJC_WEAK = YES;
				CLANG_WARN_BLOCK_CAPTURE_AUTORELEASING = YES;
				CLANG_WARN_BOOL_CONVERSION = YES;
				CLANG_WARN_COMMA = YES;
				CLANG_WARN_CONSTANT_CONVERSION = YES;
				CLANG_WARN_DEPRECATED_OBJC_IMPLEMENTATIONS = YES;
				CLANG_WARN_DIRECT_OBJC_ISA_USAGE = YES_ERROR;
				CLANG_WARN_DOCUMENTATION_COMMENTS = YES;
				CLANG_WARN_EMPTY_BODY = YES;
				CLANG_WARN_ENUM_CONVERSION = YES;
				CLANG_WARN_INFINITE_RECURSION = YES;
				CLANG_WARN_INT_CONVERSION = YES;
				CLANG_WARN_NON_LITERAL_NULL_CONVERSION = YES;
				CLANG_WARN_OBJC_IMPLICIT_RETAIN_SELF = YES;
				CLANG_WARN_OBJC_LITERAL_CONVERSION = YES;
				CLANG_WARN_OBJC_ROOT_CLASS = YES_ERROR;
				CLANG_WARN_QUOTED_INCLUDE_IN_FRAMEWORK_HEADER = YES;
				CLANG_WARN_RANGE_LOOP_ANALYSIS = YES;
				CLANG_WARN_STRICT_PROTOTYPES = YES;
				CLANG_WARN_SUSPICIOUS_MOVE = YES;
				CLANG_WARN_UNGUARDED_AVAILABILITY = YES_AGGRESSIVE;
				CLANG_WARN_UNREACHABLE_CODE = YES;
				CLANG_WARN__DUPLICATE_METHOD_MATCH = YES;
				COPY_PHASE_STRIP = NO;
				DEBUG_INFORMATION_FORMAT = "dwarf-with-dsym";
				ENABLE_NS_ASSERTIONS = NO;
				ENABLE_STRICT_OBJC_MSGSEND = YES;
				ENABLE_USER_SCRIPT_SANDBOXING = YES;
				GCC_C_LANGUAGE_STANDARD = gnu17;
				GCC_NO_COMMON_BLOCKS = YES;
				GCC_WARN_64_TO_32_BIT_CONVERSION = YES;
				GCC_WARN_ABOUT_RETURN_TYPE = YES_ERROR;
				GCC_WARN_UNDECLARED_SELECTOR = YES;
				GCC_WARN_UNINITIALIZED_AUTOS = YES_AGGRESSIVE;
				GCC_WARN_UNUSED_FUNCTION = YES;
				GCC_WARN_UNUSED_VARIABLE = YES;
				IPHONEOS_DEPLOYMENT_TARGET = 17.4;
				LOCALIZATION_PREFERS_STRING_CATALOGS = YES;
				MTL_ENABLE_DEBUG_INFO = NO;
				MTL_FAST_MATH = YES;
				SDKROOT = iphoneos;
				SWIFT_COMPILATION_MODE = wholemodule;
				VALIDATE_PRODUCT = YES;
			};
			name = Release;
		};
		BC5AC9D82CD74E4300025518 /* Debug */ = {
			isa = XCBuildConfiguration;
			buildSettings = {
				ASSETCATALOG_COMPILER_APPICON_NAME = AppIcon;
				ASSETCATALOG_COMPILER_GLOBAL_ACCENT_COLOR_NAME = AccentColor;
				CODE_SIGN_STYLE = Automatic;
				CURRENT_PROJECT_VERSION = 1;
				DEVELOPMENT_TEAM = 37MFDT4LMQ;
				GENERATE_INFOPLIST_FILE = YES;
				INFOPLIST_FILE = WeaponFiringSimulator/Info.plist;
				INFOPLIST_KEY_UIApplicationSupportsIndirectInputEvents = YES;
				INFOPLIST_KEY_UILaunchStoryboardName = LaunchScreen;
				INFOPLIST_KEY_UISupportedInterfaceOrientations_iPad = "UIInterfaceOrientationPortrait UIInterfaceOrientationPortraitUpsideDown UIInterfaceOrientationLandscapeLeft UIInterfaceOrientationLandscapeRight";
				INFOPLIST_KEY_UISupportedInterfaceOrientations_iPhone = "UIInterfaceOrientationPortrait UIInterfaceOrientationLandscapeLeft UIInterfaceOrientationLandscapeRight";
				LD_RUNPATH_SEARCH_PATHS = (
					"$(inherited)",
					"@executable_path/Frameworks",
				);
				MARKETING_VERSION = 1.0;
				PRODUCT_BUNDLE_IDENTIFIER = test.WeaponFiringSimulator;
				PRODUCT_NAME = "$(TARGET_NAME)";
				SWIFT_EMIT_LOC_STRINGS = YES;
				SWIFT_VERSION = 5.0;
				TARGETED_DEVICE_FAMILY = "1,2";
			};
			name = Debug;
		};
		BC5AC9D92CD74E4300025518 /* Release */ = {
			isa = XCBuildConfiguration;
			buildSettings = {
				ASSETCATALOG_COMPILER_APPICON_NAME = AppIcon;
				ASSETCATALOG_COMPILER_GLOBAL_ACCENT_COLOR_NAME = AccentColor;
				CODE_SIGN_STYLE = Automatic;
				CURRENT_PROJECT_VERSION = 1;
				DEVELOPMENT_TEAM = 37MFDT4LMQ;
				GENERATE_INFOPLIST_FILE = YES;
				INFOPLIST_FILE = WeaponFiringSimulator/Info.plist;
				INFOPLIST_KEY_UIApplicationSupportsIndirectInputEvents = YES;
				INFOPLIST_KEY_UILaunchStoryboardName = LaunchScreen;
				INFOPLIST_KEY_UISupportedInterfaceOrientations_iPad = "UIInterfaceOrientationPortrait UIInterfaceOrientationPortraitUpsideDown UIInterfaceOrientationLandscapeLeft UIInterfaceOrientationLandscapeRight";
				INFOPLIST_KEY_UISupportedInterfaceOrientations_iPhone = "UIInterfaceOrientationPortrait UIInterfaceOrientationLandscapeLeft UIInterfaceOrientationLandscapeRight";
				LD_RUNPATH_SEARCH_PATHS = (
					"$(inherited)",
					"@executable_path/Frameworks",
				);
				MARKETING_VERSION = 1.0;
				PRODUCT_BUNDLE_IDENTIFIER = test.WeaponFiringSimulator;
				PRODUCT_NAME = "$(TARGET_NAME)";
				SWIFT_EMIT_LOC_STRINGS = YES;
				SWIFT_VERSION = 5.0;
				TARGETED_DEVICE_FAMILY = "1,2";
			};
			name = Release;
		};
		BC5AC9DB2CD74E4300025518 /* Debug */ = {
			isa = XCBuildConfiguration;
			buildSettings = {
				ALWAYS_EMBED_SWIFT_STANDARD_LIBRARIES = YES;
				BUNDLE_LOADER = "$(TEST_HOST)";
				CODE_SIGN_STYLE = Automatic;
				CURRENT_PROJECT_VERSION = 1;
				DEVELOPMENT_TEAM = 37MFDT4LMQ;
				GENERATE_INFOPLIST_FILE = YES;
				IPHONEOS_DEPLOYMENT_TARGET = 17.4;
				MARKETING_VERSION = 1.0;
				PRODUCT_BUNDLE_IDENTIFIER = test.WeaponFiringSimulaterTests;
				PRODUCT_NAME = "$(TARGET_NAME)";
				SWIFT_EMIT_LOC_STRINGS = NO;
				SWIFT_VERSION = 5.0;
				TARGETED_DEVICE_FAMILY = "1,2";
				TEST_HOST = "$(BUILT_PRODUCTS_DIR)/WeaponFiringSimulator.app/$(BUNDLE_EXECUTABLE_FOLDER_PATH)/WeaponFiringSimulator";
			};
			name = Debug;
		};
		BC5AC9DC2CD74E4300025518 /* Release */ = {
			isa = XCBuildConfiguration;
			buildSettings = {
				ALWAYS_EMBED_SWIFT_STANDARD_LIBRARIES = YES;
				BUNDLE_LOADER = "$(TEST_HOST)";
				CODE_SIGN_STYLE = Automatic;
				CURRENT_PROJECT_VERSION = 1;
				DEVELOPMENT_TEAM = 37MFDT4LMQ;
				GENERATE_INFOPLIST_FILE = YES;
				IPHONEOS_DEPLOYMENT_TARGET = 17.4;
				MARKETING_VERSION = 1.0;
				PRODUCT_BUNDLE_IDENTIFIER = test.WeaponFiringSimulaterTests;
				PRODUCT_NAME = "$(TARGET_NAME)";
				SWIFT_EMIT_LOC_STRINGS = NO;
				SWIFT_VERSION = 5.0;
				TARGETED_DEVICE_FAMILY = "1,2";
				TEST_HOST = "$(BUILT_PRODUCTS_DIR)/WeaponFiringSimulator.app/$(BUNDLE_EXECUTABLE_FOLDER_PATH)/WeaponFiringSimulator";
			};
			name = Release;
		};
		BC5AC9DE2CD74E4300025518 /* Debug */ = {
			isa = XCBuildConfiguration;
			buildSettings = {
				ALWAYS_EMBED_SWIFT_STANDARD_LIBRARIES = YES;
				CODE_SIGN_STYLE = Automatic;
				CURRENT_PROJECT_VERSION = 1;
				DEVELOPMENT_TEAM = 37MFDT4LMQ;
				GENERATE_INFOPLIST_FILE = YES;
				MARKETING_VERSION = 1.0;
				PRODUCT_BUNDLE_IDENTIFIER = test.WeaponFiringSimulaterUITests;
				PRODUCT_NAME = "$(TARGET_NAME)";
				SWIFT_EMIT_LOC_STRINGS = NO;
				SWIFT_VERSION = 5.0;
				TARGETED_DEVICE_FAMILY = "1,2";
				TEST_TARGET_NAME = WeaponFiringSimulater;
			};
			name = Debug;
		};
		BC5AC9DF2CD74E4300025518 /* Release */ = {
			isa = XCBuildConfiguration;
			buildSettings = {
				ALWAYS_EMBED_SWIFT_STANDARD_LIBRARIES = YES;
				CODE_SIGN_STYLE = Automatic;
				CURRENT_PROJECT_VERSION = 1;
				DEVELOPMENT_TEAM = 37MFDT4LMQ;
				GENERATE_INFOPLIST_FILE = YES;
				MARKETING_VERSION = 1.0;
				PRODUCT_BUNDLE_IDENTIFIER = test.WeaponFiringSimulaterUITests;
				PRODUCT_NAME = "$(TARGET_NAME)";
				SWIFT_EMIT_LOC_STRINGS = NO;
				SWIFT_VERSION = 5.0;
				TARGETED_DEVICE_FAMILY = "1,2";
				TEST_TARGET_NAME = WeaponFiringSimulater;
			};
			name = Release;
		};
		BCB712182CE71BFB0018A93F /* Test */ = {
			isa = XCBuildConfiguration;
			buildSettings = {
				ALWAYS_SEARCH_USER_PATHS = NO;
				ASSETCATALOG_COMPILER_GENERATE_SWIFT_ASSET_SYMBOL_EXTENSIONS = YES;
				CLANG_ANALYZER_NONNULL = YES;
				CLANG_ANALYZER_NUMBER_OBJECT_CONVERSION = YES_AGGRESSIVE;
				CLANG_CXX_LANGUAGE_STANDARD = "gnu++20";
				CLANG_ENABLE_MODULES = YES;
				CLANG_ENABLE_OBJC_ARC = YES;
				CLANG_ENABLE_OBJC_WEAK = YES;
				CLANG_WARN_BLOCK_CAPTURE_AUTORELEASING = YES;
				CLANG_WARN_BOOL_CONVERSION = YES;
				CLANG_WARN_COMMA = YES;
				CLANG_WARN_CONSTANT_CONVERSION = YES;
				CLANG_WARN_DEPRECATED_OBJC_IMPLEMENTATIONS = YES;
				CLANG_WARN_DIRECT_OBJC_ISA_USAGE = YES_ERROR;
				CLANG_WARN_DOCUMENTATION_COMMENTS = YES;
				CLANG_WARN_EMPTY_BODY = YES;
				CLANG_WARN_ENUM_CONVERSION = YES;
				CLANG_WARN_INFINITE_RECURSION = YES;
				CLANG_WARN_INT_CONVERSION = YES;
				CLANG_WARN_NON_LITERAL_NULL_CONVERSION = YES;
				CLANG_WARN_OBJC_IMPLICIT_RETAIN_SELF = YES;
				CLANG_WARN_OBJC_LITERAL_CONVERSION = YES;
				CLANG_WARN_OBJC_ROOT_CLASS = YES_ERROR;
				CLANG_WARN_QUOTED_INCLUDE_IN_FRAMEWORK_HEADER = YES;
				CLANG_WARN_RANGE_LOOP_ANALYSIS = YES;
				CLANG_WARN_STRICT_PROTOTYPES = YES;
				CLANG_WARN_SUSPICIOUS_MOVE = YES;
				CLANG_WARN_UNGUARDED_AVAILABILITY = YES_AGGRESSIVE;
				CLANG_WARN_UNREACHABLE_CODE = YES;
				CLANG_WARN__DUPLICATE_METHOD_MATCH = YES;
				COPY_PHASE_STRIP = NO;
				DEBUG_INFORMATION_FORMAT = dwarf;
				ENABLE_STRICT_OBJC_MSGSEND = YES;
				ENABLE_TESTABILITY = YES;
				ENABLE_USER_SCRIPT_SANDBOXING = YES;
				GCC_C_LANGUAGE_STANDARD = gnu17;
				GCC_DYNAMIC_NO_PIC = NO;
				GCC_NO_COMMON_BLOCKS = YES;
				GCC_OPTIMIZATION_LEVEL = 0;
				GCC_PREPROCESSOR_DEFINITIONS = (
					"DEBUG=1",
					"$(inherited)",
				);
				GCC_WARN_64_TO_32_BIT_CONVERSION = YES;
				GCC_WARN_ABOUT_RETURN_TYPE = YES_ERROR;
				GCC_WARN_UNDECLARED_SELECTOR = YES;
				GCC_WARN_UNINITIALIZED_AUTOS = YES_AGGRESSIVE;
				GCC_WARN_UNUSED_FUNCTION = YES;
				GCC_WARN_UNUSED_VARIABLE = YES;
				IPHONEOS_DEPLOYMENT_TARGET = 17.4;
				LOCALIZATION_PREFERS_STRING_CATALOGS = YES;
				MTL_ENABLE_DEBUG_INFO = INCLUDE_SOURCE;
				MTL_FAST_MATH = YES;
				ONLY_ACTIVE_ARCH = YES;
				SDKROOT = iphoneos;
				SWIFT_ACTIVE_COMPILATION_CONDITIONS = TEST;
				SWIFT_OPTIMIZATION_LEVEL = "-Onone";
			};
			name = Test;
		};
		BCB712192CE71BFB0018A93F /* Test */ = {
			isa = XCBuildConfiguration;
			buildSettings = {
				ASSETCATALOG_COMPILER_APPICON_NAME = AppIcon;
				ASSETCATALOG_COMPILER_GLOBAL_ACCENT_COLOR_NAME = AccentColor;
				CODE_SIGN_STYLE = Automatic;
				CURRENT_PROJECT_VERSION = 1;
				DEVELOPMENT_TEAM = 37MFDT4LMQ;
				GENERATE_INFOPLIST_FILE = YES;
				INFOPLIST_FILE = WeaponFiringSimulator/Info.plist;
				INFOPLIST_KEY_UIApplicationSupportsIndirectInputEvents = YES;
				INFOPLIST_KEY_UILaunchStoryboardName = LaunchScreen;
				INFOPLIST_KEY_UISupportedInterfaceOrientations_iPad = "UIInterfaceOrientationPortrait UIInterfaceOrientationPortraitUpsideDown UIInterfaceOrientationLandscapeLeft UIInterfaceOrientationLandscapeRight";
				INFOPLIST_KEY_UISupportedInterfaceOrientations_iPhone = "UIInterfaceOrientationPortrait UIInterfaceOrientationLandscapeLeft UIInterfaceOrientationLandscapeRight";
				LD_RUNPATH_SEARCH_PATHS = (
					"$(inherited)",
					"@executable_path/Frameworks",
				);
				MARKETING_VERSION = 1.0;
				PRODUCT_BUNDLE_IDENTIFIER = test.WeaponFiringSimulator;
				PRODUCT_NAME = "$(TARGET_NAME)";
				SWIFT_EMIT_LOC_STRINGS = YES;
				SWIFT_VERSION = 5.0;
				TARGETED_DEVICE_FAMILY = "1,2";
			};
			name = Test;
		};
		BCB7121A2CE71BFB0018A93F /* Test */ = {
			isa = XCBuildConfiguration;
			buildSettings = {
				ALWAYS_EMBED_SWIFT_STANDARD_LIBRARIES = YES;
				BUNDLE_LOADER = "$(TEST_HOST)";
				CODE_SIGN_STYLE = Automatic;
				CURRENT_PROJECT_VERSION = 1;
				DEVELOPMENT_TEAM = 37MFDT4LMQ;
				GENERATE_INFOPLIST_FILE = YES;
				IPHONEOS_DEPLOYMENT_TARGET = 17.4;
				MARKETING_VERSION = 1.0;
				PRODUCT_BUNDLE_IDENTIFIER = test.WeaponFiringSimulaterTests;
				PRODUCT_NAME = "$(TARGET_NAME)";
				SWIFT_EMIT_LOC_STRINGS = NO;
				SWIFT_VERSION = 5.0;
				TARGETED_DEVICE_FAMILY = "1,2";
				TEST_HOST = "$(BUILT_PRODUCTS_DIR)/WeaponFiringSimulator.app/$(BUNDLE_EXECUTABLE_FOLDER_PATH)/WeaponFiringSimulator";
			};
			name = Test;
		};
		BCB7121B2CE71BFB0018A93F /* Test */ = {
			isa = XCBuildConfiguration;
			buildSettings = {
				ALWAYS_EMBED_SWIFT_STANDARD_LIBRARIES = YES;
				CODE_SIGN_STYLE = Automatic;
				CURRENT_PROJECT_VERSION = 1;
				DEVELOPMENT_TEAM = 37MFDT4LMQ;
				GENERATE_INFOPLIST_FILE = YES;
				MARKETING_VERSION = 1.0;
				PRODUCT_BUNDLE_IDENTIFIER = test.WeaponFiringSimulaterUITests;
				PRODUCT_NAME = "$(TARGET_NAME)";
				SWIFT_EMIT_LOC_STRINGS = NO;
				SWIFT_VERSION = 5.0;
				TARGETED_DEVICE_FAMILY = "1,2";
				TEST_TARGET_NAME = WeaponFiringSimulater;
			};
			name = Test;
		};
/* End XCBuildConfiguration section */

/* Begin XCConfigurationList section */
		BC5AC9A82CD74E4200025518 /* Build configuration list for PBXProject "WeaponFiringSimulator" */ = {
			isa = XCConfigurationList;
			buildConfigurations = (
				BC5AC9D52CD74E4300025518 /* Debug */,
				BCB712182CE71BFB0018A93F /* Test */,
				BC5AC9D62CD74E4300025518 /* Release */,
			);
			defaultConfigurationIsVisible = 0;
			defaultConfigurationName = Release;
		};
		BC5AC9D72CD74E4300025518 /* Build configuration list for PBXNativeTarget "WeaponFiringSimulator" */ = {
			isa = XCConfigurationList;
			buildConfigurations = (
				BC5AC9D82CD74E4300025518 /* Debug */,
				BCB712192CE71BFB0018A93F /* Test */,
				BC5AC9D92CD74E4300025518 /* Release */,
			);
			defaultConfigurationIsVisible = 0;
			defaultConfigurationName = Release;
		};
		BC5AC9DA2CD74E4300025518 /* Build configuration list for PBXNativeTarget "WeaponFiringSimulatorTests" */ = {
			isa = XCConfigurationList;
			buildConfigurations = (
				BC5AC9DB2CD74E4300025518 /* Debug */,
				BCB7121A2CE71BFB0018A93F /* Test */,
				BC5AC9DC2CD74E4300025518 /* Release */,
			);
			defaultConfigurationIsVisible = 0;
			defaultConfigurationName = Release;
		};
		BC5AC9DD2CD74E4300025518 /* Build configuration list for PBXNativeTarget "WeaponFiringSimulatorUITests" */ = {
			isa = XCConfigurationList;
			buildConfigurations = (
				BC5AC9DE2CD74E4300025518 /* Debug */,
				BCB7121B2CE71BFB0018A93F /* Test */,
				BC5AC9DF2CD74E4300025518 /* Release */,
			);
			defaultConfigurationIsVisible = 0;
			defaultConfigurationName = Release;
		};
/* End XCConfigurationList section */

/* Begin XCSwiftPackageProductDependency section */
		BC1022A92CEF09AB00645F03 /* Data */ = {
			isa = XCSwiftPackageProductDependency;
			productName = Data;
		};
		BC103DF42CEECCD300BA9B98 /* Domain */ = {
			isa = XCSwiftPackageProductDependency;
			productName = Domain;
		};
		BC215A2B2CEF0E7900AE7FC1 /* Presentation */ = {
			isa = XCSwiftPackageProductDependency;
			productName = Presentation;
		};
/* End XCSwiftPackageProductDependency section */
	};
	rootObject = BC5AC9A52CD74E4200025518 /* Project object */;
}
